// !$*UTF8*$!
{
	archiveVersion = 1;
	classes = {
	};
	objectVersion = 46;
	objects = {

/* Begin PBXBuildFile section */
		60BA2551193936E900B1C3D0 /* Foundation.framework in Frameworks */ = {isa = PBXBuildFile; fileRef = 60BA2550193936E900B1C3D0 /* Foundation.framework */; };
		60BA2553193936E900B1C3D0 /* CoreGraphics.framework in Frameworks */ = {isa = PBXBuildFile; fileRef = 60BA2552193936E900B1C3D0 /* CoreGraphics.framework */; };
		60BA2555193936EA00B1C3D0 /* UIKit.framework in Frameworks */ = {isa = PBXBuildFile; fileRef = 60BA2554193936EA00B1C3D0 /* UIKit.framework */; };
		60BA255B193936EA00B1C3D0 /* InfoPlist.strings in Resources */ = {isa = PBXBuildFile; fileRef = 60BA2559193936EA00B1C3D0 /* InfoPlist.strings */; };
		60BA255D193936EA00B1C3D0 /* main.m in Sources */ = {isa = PBXBuildFile; fileRef = 60BA255C193936EA00B1C3D0 /* main.m */; };
		60BA2561193936EA00B1C3D0 /* EVXAppDelegate.m in Sources */ = {isa = PBXBuildFile; fileRef = 60BA2560193936EA00B1C3D0 /* EVXAppDelegate.m */; };
		60BA2564193936EA00B1C3D0 /* Main.storyboard in Resources */ = {isa = PBXBuildFile; fileRef = 60BA2562193936EA00B1C3D0 /* Main.storyboard */; };
		60BA2567193936EA00B1C3D0 /* EVXMainViewController.m in Sources */ = {isa = PBXBuildFile; fileRef = 60BA2566193936EA00B1C3D0 /* EVXMainViewController.m */; };
		60BA256A193936EA00B1C3D0 /* EVXFlipsideViewController.m in Sources */ = {isa = PBXBuildFile; fileRef = 60BA2569193936EA00B1C3D0 /* EVXFlipsideViewController.m */; };
		60BA256C193936EA00B1C3D0 /* Images.xcassets in Resources */ = {isa = PBXBuildFile; fileRef = 60BA256B193936EA00B1C3D0 /* Images.xcassets */; };
		60BA2573193936EA00B1C3D0 /* XCTest.framework in Frameworks */ = {isa = PBXBuildFile; fileRef = 60BA2572193936EA00B1C3D0 /* XCTest.framework */; };
		60BA2574193936EA00B1C3D0 /* Foundation.framework in Frameworks */ = {isa = PBXBuildFile; fileRef = 60BA2550193936E900B1C3D0 /* Foundation.framework */; };
		60BA2575193936EA00B1C3D0 /* UIKit.framework in Frameworks */ = {isa = PBXBuildFile; fileRef = 60BA2554193936EA00B1C3D0 /* UIKit.framework */; };
		60BA257D193936EA00B1C3D0 /* InfoPlist.strings in Resources */ = {isa = PBXBuildFile; fileRef = 60BA257B193936EA00B1C3D0 /* InfoPlist.strings */; };
		60BA257F193936EA00B1C3D0 /* Utility001Tests.m in Sources */ = {isa = PBXBuildFile; fileRef = 60BA257E193936EA00B1C3D0 /* Utility001Tests.m */; };
/* End PBXBuildFile section */

/* Begin PBXContainerItemProxy section */
		60BA2576193936EA00B1C3D0 /* PBXContainerItemProxy */ = {
			isa = PBXContainerItemProxy;
			containerPortal = 60BA2545193936E900B1C3D0 /* Project object */;
			proxyType = 1;
			remoteGlobalIDString = 60BA254C193936E900B1C3D0;
			remoteInfo = Utility001;
		};
/* End PBXContainerItemProxy section */

/* Begin PBXFileReference section */
		60BA254D193936E900B1C3D0 /* Utility001.app */ = {isa = PBXFileReference; explicitFileType = wrapper.application; includeInIndex = 0; path = Utility001.app; sourceTree = BUILT_PRODUCTS_DIR; };
		60BA2550193936E900B1C3D0 /* Foundation.framework */ = {isa = PBXFileReference; lastKnownFileType = wrapper.framework; name = Foundation.framework; path = System/Library/Frameworks/Foundation.framework; sourceTree = SDKROOT; };
		60BA2552193936E900B1C3D0 /* CoreGraphics.framework */ = {isa = PBXFileReference; lastKnownFileType = wrapper.framework; name = CoreGraphics.framework; path = System/Library/Frameworks/CoreGraphics.framework; sourceTree = SDKROOT; };
		60BA2554193936EA00B1C3D0 /* UIKit.framework */ = {isa = PBXFileReference; lastKnownFileType = wrapper.framework; name = UIKit.framework; path = System/Library/Frameworks/UIKit.framework; sourceTree = SDKROOT; };
		60BA2558193936EA00B1C3D0 /* Utility001-Info.plist */ = {isa = PBXFileReference; lastKnownFileType = text.plist.xml; path = "Utility001-Info.plist"; sourceTree = "<group>"; };
		60BA255A193936EA00B1C3D0 /* en */ = {isa = PBXFileReference; lastKnownFileType = text.plist.strings; name = en; path = en.lproj/InfoPlist.strings; sourceTree = "<group>"; };
		60BA255C193936EA00B1C3D0 /* main.m */ = {isa = PBXFileReference; lastKnownFileType = sourcecode.c.objc; path = main.m; sourceTree = "<group>"; };
		60BA255E193936EA00B1C3D0 /* Utility001-Prefix.pch */ = {isa = PBXFileReference; lastKnownFileType = sourcecode.c.h; path = "Utility001-Prefix.pch"; sourceTree = "<group>"; };
		60BA255F193936EA00B1C3D0 /* EVXAppDelegate.h */ = {isa = PBXFileReference; lastKnownFileType = sourcecode.c.h; path = EVXAppDelegate.h; sourceTree = "<group>"; };
		60BA2560193936EA00B1C3D0 /* EVXAppDelegate.m */ = {isa = PBXFileReference; lastKnownFileType = sourcecode.c.objc; path = EVXAppDelegate.m; sourceTree = "<group>"; };
		60BA2563193936EA00B1C3D0 /* Base */ = {isa = PBXFileReference; lastKnownFileType = file.storyboard; name = Base; path = Base.lproj/Main.storyboard; sourceTree = "<group>"; };
		60BA2565193936EA00B1C3D0 /* EVXMainViewController.h */ = {isa = PBXFileReference; lastKnownFileType = sourcecode.c.h; path = EVXMainViewController.h; sourceTree = "<group>"; };
		60BA2566193936EA00B1C3D0 /* EVXMainViewController.m */ = {isa = PBXFileReference; lastKnownFileType = sourcecode.c.objc; path = EVXMainViewController.m; sourceTree = "<group>"; };
		60BA2568193936EA00B1C3D0 /* EVXFlipsideViewController.h */ = {isa = PBXFileReference; lastKnownFileType = sourcecode.c.h; path = EVXFlipsideViewController.h; sourceTree = "<group>"; };
		60BA2569193936EA00B1C3D0 /* EVXFlipsideViewController.m */ = {isa = PBXFileReference; lastKnownFileType = sourcecode.c.objc; path = EVXFlipsideViewController.m; sourceTree = "<group>"; };
		60BA256B193936EA00B1C3D0 /* Images.xcassets */ = {isa = PBXFileReference; lastKnownFileType = folder.assetcatalog; path = Images.xcassets; sourceTree = "<group>"; };
		60BA2571193936EA00B1C3D0 /* Utility001Tests.xctest */ = {isa = PBXFileReference; explicitFileType = wrapper.cfbundle; includeInIndex = 0; path = Utility001Tests.xctest; sourceTree = BUILT_PRODUCTS_DIR; };
		60BA2572193936EA00B1C3D0 /* XCTest.framework */ = {isa = PBXFileReference; lastKnownFileType = wrapper.framework; name = XCTest.framework; path = Library/Frameworks/XCTest.framework; sourceTree = DEVELOPER_DIR; };
		60BA257A193936EA00B1C3D0 /* Utility001Tests-Info.plist */ = {isa = PBXFileReference; lastKnownFileType = text.plist.xml; path = "Utility001Tests-Info.plist"; sourceTree = "<group>"; };
		60BA257C193936EA00B1C3D0 /* en */ = {isa = PBXFileReference; lastKnownFileType = text.plist.strings; name = en; path = en.lproj/InfoPlist.strings; sourceTree = "<group>"; };
		60BA257E193936EA00B1C3D0 /* Utility001Tests.m */ = {isa = PBXFileReference; lastKnownFileType = sourcecode.c.objc; path = Utility001Tests.m; sourceTree = "<group>"; };
/* End PBXFileReference section */

/* Begin PBXFrameworksBuildPhase section */
		60BA254A193936E900B1C3D0 /* Frameworks */ = {
			isa = PBXFrameworksBuildPhase;
			buildActionMask = 2147483647;
			files = (
				60BA2553193936E900B1C3D0 /* CoreGraphics.framework in Frameworks */,
				60BA2555193936EA00B1C3D0 /* UIKit.framework in Frameworks */,
				60BA2551193936E900B1C3D0 /* Foundation.framework in Frameworks */,
			);
			runOnlyForDeploymentPostprocessing = 0;
		};
		60BA256E193936EA00B1C3D0 /* Frameworks */ = {
			isa = PBXFrameworksBuildPhase;
			buildActionMask = 2147483647;
			files = (
				60BA2573193936EA00B1C3D0 /* XCTest.framework in Frameworks */,
				60BA2575193936EA00B1C3D0 /* UIKit.framework in Frameworks */,
				60BA2574193936EA00B1C3D0 /* Foundation.framework in Frameworks */,
			);
			runOnlyForDeploymentPostprocessing = 0;
		};
/* End PBXFrameworksBuildPhase section */

/* Begin PBXGroup section */
		60BA2544193936E900B1C3D0 = {
			isa = PBXGroup;
			children = (
				60BA2556193936EA00B1C3D0 /* Utility001 */,
				60BA2578193936EA00B1C3D0 /* Utility001Tests */,
				60BA254F193936E900B1C3D0 /* Frameworks */,
				60BA254E193936E900B1C3D0 /* Products */,
			);
			sourceTree = "<group>";
		};
		60BA254E193936E900B1C3D0 /* Products */ = {
			isa = PBXGroup;
			children = (
				60BA254D193936E900B1C3D0 /* Utility001.app */,
				60BA2571193936EA00B1C3D0 /* Utility001Tests.xctest */,
			);
			name = Products;
			sourceTree = "<group>";
		};
		60BA254F193936E900B1C3D0 /* Frameworks */ = {
			isa = PBXGroup;
			children = (
				60BA2550193936E900B1C3D0 /* Foundation.framework */,
				60BA2552193936E900B1C3D0 /* CoreGraphics.framework */,
				60BA2554193936EA00B1C3D0 /* UIKit.framework */,
				60BA2572193936EA00B1C3D0 /* XCTest.framework */,
			);
			name = Frameworks;
			sourceTree = "<group>";
		};
		60BA2556193936EA00B1C3D0 /* Utility001 */ = {
			isa = PBXGroup;
			children = (
				60BA255F193936EA00B1C3D0 /* EVXAppDelegate.h */,
				60BA2560193936EA00B1C3D0 /* EVXAppDelegate.m */,
				60BA2562193936EA00B1C3D0 /* Main.storyboard */,
				60BA2565193936EA00B1C3D0 /* EVXMainViewController.h */,
				60BA2566193936EA00B1C3D0 /* EVXMainViewController.m */,
				60BA2568193936EA00B1C3D0 /* EVXFlipsideViewController.h */,
				60BA2569193936EA00B1C3D0 /* EVXFlipsideViewController.m */,
				60BA256B193936EA00B1C3D0 /* Images.xcassets */,
				60BA2557193936EA00B1C3D0 /* Supporting Files */,
			);
			path = Utility001;
			sourceTree = "<group>";
		};
		60BA2557193936EA00B1C3D0 /* Supporting Files */ = {
			isa = PBXGroup;
			children = (
				60BA2558193936EA00B1C3D0 /* Utility001-Info.plist */,
				60BA2559193936EA00B1C3D0 /* InfoPlist.strings */,
				60BA255C193936EA00B1C3D0 /* main.m */,
				60BA255E193936EA00B1C3D0 /* Utility001-Prefix.pch */,
			);
			name = "Supporting Files";
			sourceTree = "<group>";
		};
		60BA2578193936EA00B1C3D0 /* Utility001Tests */ = {
			isa = PBXGroup;
			children = (
				60BA257E193936EA00B1C3D0 /* Utility001Tests.m */,
				60BA2579193936EA00B1C3D0 /* Supporting Files */,
			);
			path = Utility001Tests;
			sourceTree = "<group>";
		};
		60BA2579193936EA00B1C3D0 /* Supporting Files */ = {
			isa = PBXGroup;
			children = (
				60BA257A193936EA00B1C3D0 /* Utility001Tests-Info.plist */,
				60BA257B193936EA00B1C3D0 /* InfoPlist.strings */,
			);
			name = "Supporting Files";
			sourceTree = "<group>";
		};
/* End PBXGroup section */

/* Begin PBXNativeTarget section */
		60BA254C193936E900B1C3D0 /* Utility001 */ = {
			isa = PBXNativeTarget;
			buildConfigurationList = 60BA2582193936EA00B1C3D0 /* Build configuration list for PBXNativeTarget "Utility001" */;
			buildPhases = (
				60BA2549193936E900B1C3D0 /* Sources */,
				60BA254A193936E900B1C3D0 /* Frameworks */,
				60BA254B193936E900B1C3D0 /* Resources */,
			);
			buildRules = (
			);
			dependencies = (
			);
			name = Utility001;
			productName = Utility001;
			productReference = 60BA254D193936E900B1C3D0 /* Utility001.app */;
			productType = "com.apple.product-type.application";
		};
		60BA2570193936EA00B1C3D0 /* Utility001Tests */ = {
			isa = PBXNativeTarget;
			buildConfigurationList = 60BA2585193936EA00B1C3D0 /* Build configuration list for PBXNativeTarget "Utility001Tests" */;
			buildPhases = (
				60BA256D193936EA00B1C3D0 /* Sources */,
				60BA256E193936EA00B1C3D0 /* Frameworks */,
				60BA256F193936EA00B1C3D0 /* Resources */,
			);
			buildRules = (
			);
			dependencies = (
				60BA2577193936EA00B1C3D0 /* PBXTargetDependency */,
			);
			name = Utility001Tests;
			productName = Utility001Tests;
			productReference = 60BA2571193936EA00B1C3D0 /* Utility001Tests.xctest */;
			productType = "com.apple.product-type.bundle.unit-test";
		};
/* End PBXNativeTarget section */

/* Begin PBXProject section */
		60BA2545193936E900B1C3D0 /* Project object */ = {
			isa = PBXProject;
			attributes = {
				CLASSPREFIX = EVX;
				LastUpgradeCheck = 0510;
				ORGANIZATIONNAME = evxyz001;
				TargetAttributes = {
					60BA2570193936EA00B1C3D0 = {
						TestTargetID = 60BA254C193936E900B1C3D0;
					};
				};
			};
			buildConfigurationList = 60BA2548193936E900B1C3D0 /* Build configuration list for PBXProject "Utility001" */;
			compatibilityVersion = "Xcode 3.2";
			developmentRegion = English;
			hasScannedForEncodings = 0;
			knownRegions = (
				en,
				Base,
			);
			mainGroup = 60BA2544193936E900B1C3D0;
			productRefGroup = 60BA254E193936E900B1C3D0 /* Products */;
			projectDirPath = "";
			projectRoot = "";
			targets = (
				60BA254C193936E900B1C3D0 /* Utility001 */,
				60BA2570193936EA00B1C3D0 /* Utility001Tests */,
			);
		};
/* End PBXProject section */

/* Begin PBXResourcesBuildPhase section */
		60BA254B193936E900B1C3D0 /* Resources */ = {
			isa = PBXResourcesBuildPhase;
			buildActionMask = 2147483647;
			files = (
				60BA256C193936EA00B1C3D0 /* Images.xcassets in Resources */,
				60BA255B193936EA00B1C3D0 /* InfoPlist.strings in Resources */,
				60BA2564193936EA00B1C3D0 /* Main.storyboard in Resources */,
			);
			runOnlyForDeploymentPostprocessing = 0;
		};
		60BA256F193936EA00B1C3D0 /* Resources */ = {
			isa = PBXResourcesBuildPhase;
			buildActionMask = 2147483647;
			files = (
				60BA257D193936EA00B1C3D0 /* InfoPlist.strings in Resources */,
			);
			runOnlyForDeploymentPostprocessing = 0;
		};
/* End PBXResourcesBuildPhase section */

/* Begin PBXSourcesBuildPhase section */
		60BA2549193936E900B1C3D0 /* Sources */ = {
			isa = PBXSourcesBuildPhase;
			buildActionMask = 2147483647;
			files = (
				60BA256A193936EA00B1C3D0 /* EVXFlipsideViewController.m in Sources */,
				60BA2561193936EA00B1C3D0 /* EVXAppDelegate.m in Sources */,
				60BA2567193936EA00B1C3D0 /* EVXMainViewController.m in Sources */,
				60BA255D193936EA00B1C3D0 /* main.m in Sources */,
			);
			runOnlyForDeploymentPostprocessing = 0;
		};
		60BA256D193936EA00B1C3D0 /* Sources */ = {
			isa = PBXSourcesBuildPhase;
			buildActionMask = 2147483647;
			files = (
				60BA257F193936EA00B1C3D0 /* Utility001Tests.m in Sources */,
			);
			runOnlyForDeploymentPostprocessing = 0;
		};
/* End PBXSourcesBuildPhase section */

/* Begin PBXTargetDependency section */
		60BA2577193936EA00B1C3D0 /* PBXTargetDependency */ = {
			isa = PBXTargetDependency;
			target = 60BA254C193936E900B1C3D0 /* Utility001 */;
			targetProxy = 60BA2576193936EA00B1C3D0 /* PBXContainerItemProxy */;
		};
/* End PBXTargetDependency section */

/* Begin PBXVariantGroup section */
		60BA2559193936EA00B1C3D0 /* InfoPlist.strings */ = {
			isa = PBXVariantGroup;
			children = (
				60BA255A193936EA00B1C3D0 /* en */,
			);
			name = InfoPlist.strings;
			sourceTree = "<group>";
		};
		60BA2562193936EA00B1C3D0 /* Main.storyboard */ = {
			isa = PBXVariantGroup;
			children = (
				60BA2563193936EA00B1C3D0 /* Base */,
			);
			name = Main.storyboard;
			sourceTree = "<group>";
		};
		60BA257B193936EA00B1C3D0 /* InfoPlist.strings */ = {
			isa = PBXVariantGroup;
			children = (
				60BA257C193936EA00B1C3D0 /* en */,
			);
			name = InfoPlist.strings;
			sourceTree = "<group>";
		};
/* End PBXVariantGroup section */

/* Begin XCBuildConfiguration section */
		60BA2580193936EA00B1C3D0 /* Debug */ = {
			isa = XCBuildConfiguration;
			buildSettings = {
				ALWAYS_SEARCH_USER_PATHS = NO;
				CLANG_CXX_LANGUAGE_STANDARD = "gnu++0x";
				CLANG_CXX_LIBRARY = "libc++";
				CLANG_ENABLE_MODULES = YES;
				CLANG_ENABLE_OBJC_ARC = YES;
				CLANG_WARN_BOOL_CONVERSION = YES;
				CLANG_WARN_CONSTANT_CONVERSION = YES;
				CLANG_WARN_DIRECT_OBJC_ISA_USAGE = YES_ERROR;
				CLANG_WARN_EMPTY_BODY = YES;
				CLANG_WARN_ENUM_CONVERSION = YES;
				CLANG_WARN_INT_CONVERSION = YES;
				CLANG_WARN_OBJC_ROOT_CLASS = YES_ERROR;
				CLANG_WARN__DUPLICATE_METHOD_MATCH = YES;
				"CODE_SIGN_IDENTITY[sdk=iphoneos*]" = "iPhone Developer";
				COPY_PHASE_STRIP = NO;
				GCC_C_LANGUAGE_STANDARD = gnu99;
				GCC_DYNAMIC_NO_PIC = NO;
				GCC_OPTIMIZATION_LEVEL = 0;
				GCC_PREPROCESSOR_DEFINITIONS = (
					"DEBUG=1",
					"$(inherited)",
				);
				GCC_SYMBOLS_PRIVATE_EXTERN = NO;
				GCC_WARN_64_TO_32_BIT_CONVERSION = YES;
				GCC_WARN_ABOUT_RETURN_TYPE = YES_ERROR;
				GCC_WARN_UNDECLARED_SELECTOR = YES;
				GCC_WARN_UNINITIALIZED_AUTOS = YES_AGGRESSIVE;
				GCC_WARN_UNUSED_FUNCTION = YES;
				GCC_WARN_UNUSED_VARIABLE = YES;
				IPHONEOS_DEPLOYMENT_TARGET = 7.1;
				ONLY_ACTIVE_ARCH = YES;
				SDKROOT = iphoneos;
			};
			name = Debug;
		};
		60BA2581193936EA00B1C3D0 /* Release */ = {
			isa = XCBuildConfiguration;
			buildSettings = {
				ALWAYS_SEARCH_USER_PATHS = NO;
				CLANG_CXX_LANGUAGE_STANDARD = "gnu++0x";
				CLANG_CXX_LIBRARY = "libc++";
				CLANG_ENABLE_MODULES = YES;
				CLANG_ENABLE_OBJC_ARC = YES;
				CLANG_WARN_BOOL_CONVERSION = YES;
				CLANG_WARN_CONSTANT_CONVERSION = YES;
				CLANG_WARN_DIRECT_OBJC_ISA_USAGE = YES_ERROR;
				CLANG_WARN_EMPTY_BODY = YES;
				CLANG_WARN_ENUM_CONVERSION = YES;
				CLANG_WARN_INT_CONVERSION = YES;
				CLANG_WARN_OBJC_ROOT_CLASS = YES_ERROR;
				CLANG_WARN__DUPLICATE_METHOD_MATCH = YES;
				"CODE_SIGN_IDENTITY[sdk=iphoneos*]" = "iPhone Developer";
				COPY_PHASE_STRIP = YES;
				ENABLE_NS_ASSERTIONS = NO;
				GCC_C_LANGUAGE_STANDARD = gnu99;
				GCC_WARN_64_TO_32_BIT_CONVERSION = YES;
				GCC_WARN_ABOUT_RETURN_TYPE = YES_ERROR;
				GCC_WARN_UNDECLARED_SELECTOR = YES;
				GCC_WARN_UNINITIALIZED_AUTOS = YES_AGGRESSIVE;
				GCC_WARN_UNUSED_FUNCTION = YES;
				GCC_WARN_UNUSED_VARIABLE = YES;
				IPHONEOS_DEPLOYMENT_TARGET = 7.1;
				SDKROOT = iphoneos;
				VALIDATE_PRODUCT = YES;
			};
			name = Release;
		};
		60BA2583193936EA00B1C3D0 /* Debug */ = {
			isa = XCBuildConfiguration;
			buildSettings = {
				ASSETCATALOG_COMPILER_APPICON_NAME = AppIcon;
				ASSETCATALOG_COMPILER_LAUNCHIMAGE_NAME = LaunchImage;
				GCC_PRECOMPILE_PREFIX_HEADER = YES;
				GCC_PREFIX_HEADER = "Utility001/Utility001-Prefix.pch";
				INFOPLIST_FILE = "Utility001/Utility001-Info.plist";
				PRODUCT_NAME = "$(TARGET_NAME)";
				WRAPPER_EXTENSION = app;
			};
			name = Debug;
		};
		60BA2584193936EA00B1C3D0 /* Release */ = {
			isa = XCBuildConfiguration;
			buildSettings = {
				ASSETCATALOG_COMPILER_APPICON_NAME = AppIcon;
				ASSETCATALOG_COMPILER_LAUNCHIMAGE_NAME = LaunchImage;
				GCC_PRECOMPILE_PREFIX_HEADER = YES;
				GCC_PREFIX_HEADER = "Utility001/Utility001-Prefix.pch";
				INFOPLIST_FILE = "Utility001/Utility001-Info.plist";
				PRODUCT_NAME = "$(TARGET_NAME)";
				WRAPPER_EXTENSION = app;
			};
			name = Release;
		};
		60BA2586193936EA00B1C3D0 /* Debug */ = {
			isa = XCBuildConfiguration;
			buildSettings = {
				BUNDLE_LOADER = "$(BUILT_PRODUCTS_DIR)/Utility001.app/Utility001";
				FRAMEWORK_SEARCH_PATHS = (
					"$(SDKROOT)/Developer/Library/Frameworks",
					"$(inherited)",
					"$(DEVELOPER_FRAMEWORKS_DIR)",
				);
				GCC_PRECOMPILE_PREFIX_HEADER = YES;
				GCC_PREFIX_HEADER = "Utility001/Utility001-Prefix.pch";
				GCC_PREPROCESSOR_DEFINITIONS = (
					"DEBUG=1",
					"$(inherited)",
				);
				INFOPLIST_FILE = "Utility001Tests/Utility001Tests-Info.plist";
				PRODUCT_NAME = "$(TARGET_NAME)";
				TEST_HOST = "$(BUNDLE_LOADER)";
				WRAPPER_EXTENSION = xctest;
			};
			name = Debug;
		};
		60BA2587193936EA00B1C3D0 /* Release */ = {
			isa = XCBuildConfiguration;
			buildSettings = {
				BUNDLE_LOADER = "$(BUILT_PRODUCTS_DIR)/Utility001.app/Utility001";
				FRAMEWORK_SEARCH_PATHS = (
					"$(SDKROOT)/Developer/Library/Frameworks",
					"$(inherited)",
					"$(DEVELOPER_FRAMEWORKS_DIR)",
				);
				GCC_PRECOMPILE_PREFIX_HEADER = YES;
				GCC_PREFIX_HEADER = "Utility001/Utility001-Prefix.pch";
				INFOPLIST_FILE = "Utility001Tests/Utility001Tests-Info.plist";
				PRODUCT_NAME = "$(TARGET_NAME)";
				TEST_HOST = "$(BUNDLE_LOADER)";
				WRAPPER_EXTENSION = xctest;
			};
			name = Release;
		};
/* End XCBuildConfiguration section */

/* Begin XCConfigurationList section */
		60BA2548193936E900B1C3D0 /* Build configuration list for PBXProject "Utility001" */ = {
			isa = XCConfigurationList;
			buildConfigurations = (
				60BA2580193936EA00B1C3D0 /* Debug */,
				60BA2581193936EA00B1C3D0 /* Release */,
			);
			defaultConfigurationIsVisible = 0;
			defaultConfigurationName = Release;
		};
		60BA2582193936EA00B1C3D0 /* Build configuration list for PBXNativeTarget "Utility001" */ = {
			isa = XCConfigurationList;
			buildConfigurations = (
				60BA2583193936EA00B1C3D0 /* Debug */,
				60BA2584193936EA00B1C3D0 /* Release */,
			);
			defaultConfigurationIsVisible = 0;
		};
		60BA2585193936EA00B1C3D0 /* Build configuration list for PBXNativeTarget "Utility001Tests" */ = {
			isa = XCConfigurationList;
			buildConfigurations = (
				60BA2586193936EA00B1C3D0 /* Debug */,
				60BA2587193936EA00B1C3D0 /* Release */,
			);
			defaultConfigurationIsVisible = 0;
		};
/* End XCConfigurationList section */
	};
	rootObject = 60BA2545193936E900B1C3D0 /* Project object */;
}
